version = 1
revision = 3
requires-python = ">=3.11"

[[package]]
name = "api"
version = "0.1.0"
source = { virtual = "." }
dependencies = [
    { name = "python-multipart" },
]

[package.metadata]
requires-dist = [{ name = "python-multipart", specifier = ">=0.0.20" }]

[[package]]
name = "python-multipart"
version = "0.0.20"
source = { registry = "https://pypi.org/simple" }
sdist = { url = "https://files.pythonhosted.org/packages/f3/87/f44d7c9f274c7ee665a29b885ec97089ec5dc034c7f3fafa03da9e39a09e/python_multipart-0.0.20.tar.gz", hash = "sha256:8dd0cab45b8e23064ae09147625994d090fa46f5b0d1e13af944c331a7fa9d13", size = 37158, upload-time = "2024-12-16T19:45:46.972Z" }
wheels = [
    { url = "https://files.pythonhosted.org/packages/45/58/38b5afbc1a800eeea951b9285d3912613f2603bdf897a4ab0f4bd7f405fc/python_multipart-0.0.20-py3-none-any.whl", hash = "sha256:8a62d3a8335e06589fe01f2a3e178cdcc632f3fbe0d492ad9ee0ec35aab1f104", size = 24546, upload-time = "2024-12-16T19:45:44.423Z" },
]
